
Microsoft Visual Studio Solution File, Format Version 12.00
# Visual Studio Version 16
VisualStudioVersion = 16.0.29326.143
MinimumVisualStudioVersion = 10.0.40219.1
Project("{FAE04EC0-301F-11D3-BF4B-00C04F79EFBC}") = "WebApiHotel", "WebApiHotel\WebApiHotel.csproj", "{1E14B288-9D13-4475-BA66-359901B91142}"
EndProject
Global
	GlobalSection(SolutionConfigurationPlatforms) = preSolution
		Debug|Any CPU = Debug|Any CPU
		Release|Any CPU = Release|Any CPU
	EndGlobalSection
	GlobalSection(ProjectConfigurationPlatforms) = postSolution
		{1E14B288-9D13-4475-BA66-359901B91142}.Debug|Any CPU.ActiveCfg = Debug|Any CPU
		{1E14B288-9D13-4475-BA66-359901B91142}.Debug|Any CPU.Build.0 = Debug|Any CPU
		{1E14B288-9D13-4475-BA66-359901B91142}.Release|Any CPU.ActiveCfg = Release|Any CPU
		{1E14B288-9D13-4475-BA66-359901B91142}.Release|Any CPU.Build.0 = Release|Any CPU
	EndGlobalSection
	GlobalSection(SolutionProperties) = preSolution
		HideSolutionNode = FALSE
	EndGlobalSection
	GlobalSection(ExtensibilityGlobals) = postSolution
		SolutionGuid = {4B8534DA-BB65-4CA9-B0C8-36089FB37C8E}
	EndGlobalSection
EndGlobal
